{
  "name": "turbo",
  "version": "0.2",
  "lockfileVersion": 2,
  "requires": true,
  "packages": {
    "": {
      "name": "turbo",
      "version": "0.2",
      "dependencies": {
        "pebble-clay": "^1.0.4"
      }
    },
    "node_modules/pebble-clay": {
      "version": "1.0.4",
      "license": "MIT"
    }
  },
  "dependencies": {
    "pebble-clay": {
      "version": "1.0.4"
    }
  }
}
